PODS:
  - Alamofire (4.9.0)
  - AlamofireImage (3.6.0):
    - Alamofire (~> 4.9)
  - Charts (3.4.0):
    - Charts/Core (= 3.4.0)
  - Charts/Core (3.4.0)
  - Hero (1.4.0)
  - Keys (1.0.1)
  - ObjectMapper (3.5.1)
  - QuickLayout (3.0.0)
  - RxAlamofire (4.4.1):
    - RxAlamofire/Core (= 4.4.1)
  - RxAlamofire/Core (4.4.1):
    - Alamofire (~> 4.8)
    - RxSwift (~> 4.5)
  - RxCocoa (4.5.0):
    - RxSwift (>= 4.4.2, ~> 4.4)
  - RxGesture (2.2.0):
    - RxCocoa (~> 4.5)
    - RxSwift (~> 4.5)
  - RxSwift (4.5.0)
  - SwiftChart (1.0.1)
  - SwiftEntryKit (1.2.3):
    - QuickLayout (= 3.0.0)

DEPENDENCIES:
  - Alamofire
  - AlamofireImage
  - Charts
  - Hero
  - Keys (from `Pods/CocoaPodsKeys`)
  - ObjectMapper
  - RxAlamofire
  - RxCocoa (~> 4.0)
  - RxGesture
  - RxSwift (~> 4.0)
  - SwiftChart
  - SwiftEntryKit

SPEC REPOS:
  trunk:
    - Alamofire
    - AlamofireImage
    - Charts
    - Hero
    - ObjectMapper
    - QuickLayout
    - RxAlamofire
    - RxCocoa
    - RxGesture
    - RxSwift
    - SwiftChart
    - SwiftEntryKit

EXTERNAL SOURCES:
  Keys:
    :path: Pods/CocoaPodsKeys

SPEC CHECKSUMS:
  Alamofire: afc3e7c6db61476cb45cdd23fed06bad03bbc321
  AlamofireImage: be9963c6582d68b39e89191f64c82a7d7bf40fdd
  Charts: 74c9f256eaf0460c0c416522d1cf8c634ea6b286
  Hero: bac92350d7201a1a940003e0767c7b52ce7c99a1
  Keys: a576f4c9c1c641ca913a959a9c62ed3f215a8de9
  ObjectMapper: 70187b8941977c62ccfb423caf6b50be405cabf0
  QuickLayout: 07b45a72b10083fee3f095990cfed1c1e7b27f0a
  RxAlamofire: ed65f451f5a9a59419b0b9e705043dc01410edd9
  RxCocoa: cbf70265dc65a981d4ac982e513c10cf23df24a0
  RxGesture: c1b7bf17166b0ef9d642a9510f8bac5785f18990
  RxSwift: f172070dfd1a93d70a9ab97a5a01166206e1c575
  SwiftChart: ba767a678d568a5ee22d419e146a0582865e1aff
  SwiftEntryKit: 340713c2e4a6662c5149629990bf1088bf5f0389

PODFILE CHECKSUM: cf7eaeaf4f4e75c7c0918167fe1a0f0f1febf82e

COCOAPODS: 1.8.4
